
Microsoft Visual Studio Solution File, Format Version 12.00
# Visual Studio Version 17
VisualStudioVersion = 17.3.32929.385
MinimumVisualStudioVersion = 10.0.40219.1
Project("{FAE04EC0-301F-11D3-BF4B-00C04F79EFBC}") = "FinalProjectWebAPI", "FinalProjectWebAPI\FinalProjectWebAPI.csproj", "{A02F368E-43E5-4CF4-A035-9AF0315153BB}"
EndProject
Global
	GlobalSection(SolutionConfigurationPlatforms) = preSolution
		Debug|Any CPU = Debug|Any CPU
		Release|Any CPU = Release|Any CPU
	EndGlobalSection
	GlobalSection(ProjectConfigurationPlatforms) = postSolution
		{A02F368E-43E5-4CF4-A035-9AF0315153BB}.Debug|Any CPU.ActiveCfg = Debug|Any CPU
		{A02F368E-43E5-4CF4-A035-9AF0315153BB}.Debug|Any CPU.Build.0 = Debug|Any CPU
		{A02F368E-43E5-4CF4-A035-9AF0315153BB}.Release|Any CPU.ActiveCfg = Release|Any CPU
		{A02F368E-43E5-4CF4-A035-9AF0315153BB}.Release|Any CPU.Build.0 = Release|Any CPU
	EndGlobalSection
	GlobalSection(SolutionProperties) = preSolution
		HideSolutionNode = FALSE
	EndGlobalSection
	GlobalSection(ExtensibilityGlobals) = postSolution
		SolutionGuid = {CB072D6F-6D79-4114-B067-532F1236CFDC}
	EndGlobalSection
EndGlobal
