
Microsoft Visual Studio Solution File, Format Version 12.00
# Visual Studio Version 17
VisualStudioVersion = 17.3.32819.101
MinimumVisualStudioVersion = 10.0.40219.1
Project("{9A19103F-16F7-4668-BE54-9A1E7A4F7556}") = "FinalProjectWebAPI", "FinalProjectWebAPI\FinalProjectWebAPI.csproj", "{96C9C2A8-1648-4207-8093-BAF2A6C350D0}"
EndProject
Global
	GlobalSection(SolutionConfigurationPlatforms) = preSolution
		Debug|Any CPU = Debug|Any CPU
		Release|Any CPU = Release|Any CPU
	EndGlobalSection
	GlobalSection(ProjectConfigurationPlatforms) = postSolution
		{96C9C2A8-1648-4207-8093-BAF2A6C350D0}.Debug|Any CPU.ActiveCfg = Debug|Any CPU
		{96C9C2A8-1648-4207-8093-BAF2A6C350D0}.Debug|Any CPU.Build.0 = Debug|Any CPU
		{96C9C2A8-1648-4207-8093-BAF2A6C350D0}.Release|Any CPU.ActiveCfg = Release|Any CPU
		{96C9C2A8-1648-4207-8093-BAF2A6C350D0}.Release|Any CPU.Build.0 = Release|Any CPU
	EndGlobalSection
	GlobalSection(SolutionProperties) = preSolution
		HideSolutionNode = FALSE
	EndGlobalSection
	GlobalSection(ExtensibilityGlobals) = postSolution
		SolutionGuid = {73143D5E-5D2A-4570-A03A-43DCC6ABC2B4}
	EndGlobalSection
EndGlobal
